
Microsoft Visual Studio Solution File, Format Version 12.00
# Visual Studio Version 17
VisualStudioVersion = 17.8.34330.188
MinimumVisualStudioVersion = 10.0.40219.1
Project("{2150E333-8FDC-42A3-9474-1A3956D46DE8}") = "APIs", "APIs", "{295071E0-65B5-4BA5-9E19-EEDD104564AF}"
EndProject
Project("{2150E333-8FDC-42A3-9474-1A3956D46DE8}") = "Domain", "Domain", "{42C81D89-0996-43EF-849C-D2684DD49B9E}"
EndProject
Project("{2150E333-8FDC-42A3-9474-1A3956D46DE8}") = "Gateway", "Gateway", "{4C93000B-C39D-492B-8FF4-96E07D4284E4}"
EndProject
Project("{2150E333-8FDC-42A3-9474-1A3956D46DE8}") = "User", "User", "{E7421CFC-AB11-4A1E-8F67-10ACC9DF4D46}"
EndProject
Project("{2150E333-8FDC-42A3-9474-1A3956D46DE8}") = "Product", "Product", "{93D9CFE0-7D4E-4F54-BFAA-E2A0E2DB29D8}"
EndProject
Project("{2150E333-8FDC-42A3-9474-1A3956D46DE8}") = "Order", "Order", "{4BEB3086-05AC-49DE-999B-231F783504E1}"
EndProject
Project("{FAE04EC0-301F-11D3-BF4B-00C04F79EFBC}") = "ASPNET.User.API", "APIs\User\ASPNET.User.API\ASPNET.User.API.csproj", "{7C06E723-D3F8-41B4-B29B-4AB230AF519C}"
EndProject
Project("{FAE04EC0-301F-11D3-BF4B-00C04F79EFBC}") = "ASPNET.Product.API", "APIs\Product\ASPNET.Product.API\ASPNET.Product.API.csproj", "{FD8727D6-62FD-426A-82B2-3621B2415A05}"
EndProject
Project("{FAE04EC0-301F-11D3-BF4B-00C04F79EFBC}") = "ASPNET.Order.API", "APIs\Order\ASPNET.Order.API\ASPNET.Order.API.csproj", "{40C79FD9-8CE2-43A1-BDB8-C6CE8B04B540}"
EndProject
Project("{FAE04EC0-301F-11D3-BF4B-00C04F79EFBC}") = "ASPNET.Domain.Commons", "Domain\ASPNET.Domain.Commons\ASPNET.Domain.Commons.csproj", "{3AF226EA-1EF7-4E57-B5AB-B05B00257A37}"
EndProject
Project("{2150E333-8FDC-42A3-9474-1A3956D46DE8}") = "Test", "Test", "{0BE32123-BE98-4932-9327-A69E5DF736ED}"
EndProject
Project("{FAE04EC0-301F-11D3-BF4B-00C04F79EFBC}") = "ASPNET.User.Testing", "Test\ASPNET.User.Testing\ASPNET.User.Testing.csproj", "{7F42C471-5DA1-4F0C-9D96-A51ADDD4E3DB}"
EndProject
Project("{FAE04EC0-301F-11D3-BF4B-00C04F79EFBC}") = "ASPNET.SuperGateway", "Gateway\ASPNET.SuperGateway\ASPNET.SuperGateway.csproj", "{E6ED4CFB-535C-4912-859F-C9C14B7666E5}"
EndProject
Project("{E53339B2-1760-4266-BCC7-CA923CBCF16C}") = "docker-compose", "docker-compose.dcproj", "{91E4C172-BD79-438F-8B37-D76CCBDB2A3A}"
EndProject
Global
	GlobalSection(SolutionConfigurationPlatforms) = preSolution
		Debug|Any CPU = Debug|Any CPU
		Release|Any CPU = Release|Any CPU
	EndGlobalSection
	GlobalSection(ProjectConfigurationPlatforms) = postSolution
		{7C06E723-D3F8-41B4-B29B-4AB230AF519C}.Debug|Any CPU.ActiveCfg = Debug|Any CPU
		{7C06E723-D3F8-41B4-B29B-4AB230AF519C}.Debug|Any CPU.Build.0 = Debug|Any CPU
		{7C06E723-D3F8-41B4-B29B-4AB230AF519C}.Release|Any CPU.ActiveCfg = Release|Any CPU
		{7C06E723-D3F8-41B4-B29B-4AB230AF519C}.Release|Any CPU.Build.0 = Release|Any CPU
		{FD8727D6-62FD-426A-82B2-3621B2415A05}.Debug|Any CPU.ActiveCfg = Debug|Any CPU
		{FD8727D6-62FD-426A-82B2-3621B2415A05}.Debug|Any CPU.Build.0 = Debug|Any CPU
		{FD8727D6-62FD-426A-82B2-3621B2415A05}.Release|Any CPU.ActiveCfg = Release|Any CPU
		{FD8727D6-62FD-426A-82B2-3621B2415A05}.Release|Any CPU.Build.0 = Release|Any CPU
		{40C79FD9-8CE2-43A1-BDB8-C6CE8B04B540}.Debug|Any CPU.ActiveCfg = Debug|Any CPU
		{40C79FD9-8CE2-43A1-BDB8-C6CE8B04B540}.Debug|Any CPU.Build.0 = Debug|Any CPU
		{40C79FD9-8CE2-43A1-BDB8-C6CE8B04B540}.Release|Any CPU.ActiveCfg = Release|Any CPU
		{40C79FD9-8CE2-43A1-BDB8-C6CE8B04B540}.Release|Any CPU.Build.0 = Release|Any CPU
		{3AF226EA-1EF7-4E57-B5AB-B05B00257A37}.Debug|Any CPU.ActiveCfg = Debug|Any CPU
		{3AF226EA-1EF7-4E57-B5AB-B05B00257A37}.Debug|Any CPU.Build.0 = Debug|Any CPU
		{3AF226EA-1EF7-4E57-B5AB-B05B00257A37}.Release|Any CPU.ActiveCfg = Release|Any CPU
		{3AF226EA-1EF7-4E57-B5AB-B05B00257A37}.Release|Any CPU.Build.0 = Release|Any CPU
		{7F42C471-5DA1-4F0C-9D96-A51ADDD4E3DB}.Debug|Any CPU.ActiveCfg = Debug|Any CPU
		{7F42C471-5DA1-4F0C-9D96-A51ADDD4E3DB}.Debug|Any CPU.Build.0 = Debug|Any CPU
		{7F42C471-5DA1-4F0C-9D96-A51ADDD4E3DB}.Release|Any CPU.ActiveCfg = Release|Any CPU
		{7F42C471-5DA1-4F0C-9D96-A51ADDD4E3DB}.Release|Any CPU.Build.0 = Release|Any CPU
		{E6ED4CFB-535C-4912-859F-C9C14B7666E5}.Debug|Any CPU.ActiveCfg = Debug|Any CPU
		{E6ED4CFB-535C-4912-859F-C9C14B7666E5}.Debug|Any CPU.Build.0 = Debug|Any CPU
		{E6ED4CFB-535C-4912-859F-C9C14B7666E5}.Release|Any CPU.ActiveCfg = Release|Any CPU
		{E6ED4CFB-535C-4912-859F-C9C14B7666E5}.Release|Any CPU.Build.0 = Release|Any CPU
		{91E4C172-BD79-438F-8B37-D76CCBDB2A3A}.Debug|Any CPU.ActiveCfg = Debug|Any CPU
		{91E4C172-BD79-438F-8B37-D76CCBDB2A3A}.Debug|Any CPU.Build.0 = Debug|Any CPU
		{91E4C172-BD79-438F-8B37-D76CCBDB2A3A}.Release|Any CPU.ActiveCfg = Release|Any CPU
		{91E4C172-BD79-438F-8B37-D76CCBDB2A3A}.Release|Any CPU.Build.0 = Release|Any CPU
	EndGlobalSection
	GlobalSection(SolutionProperties) = preSolution
		HideSolutionNode = FALSE
	EndGlobalSection
	GlobalSection(NestedProjects) = preSolution
		{E7421CFC-AB11-4A1E-8F67-10ACC9DF4D46} = {295071E0-65B5-4BA5-9E19-EEDD104564AF}
		{93D9CFE0-7D4E-4F54-BFAA-E2A0E2DB29D8} = {295071E0-65B5-4BA5-9E19-EEDD104564AF}
		{4BEB3086-05AC-49DE-999B-231F783504E1} = {295071E0-65B5-4BA5-9E19-EEDD104564AF}
		{7C06E723-D3F8-41B4-B29B-4AB230AF519C} = {E7421CFC-AB11-4A1E-8F67-10ACC9DF4D46}
		{FD8727D6-62FD-426A-82B2-3621B2415A05} = {93D9CFE0-7D4E-4F54-BFAA-E2A0E2DB29D8}
		{40C79FD9-8CE2-43A1-BDB8-C6CE8B04B540} = {4BEB3086-05AC-49DE-999B-231F783504E1}
		{3AF226EA-1EF7-4E57-B5AB-B05B00257A37} = {42C81D89-0996-43EF-849C-D2684DD49B9E}
		{7F42C471-5DA1-4F0C-9D96-A51ADDD4E3DB} = {0BE32123-BE98-4932-9327-A69E5DF736ED}
		{E6ED4CFB-535C-4912-859F-C9C14B7666E5} = {4C93000B-C39D-492B-8FF4-96E07D4284E4}
	EndGlobalSection
	GlobalSection(ExtensibilityGlobals) = postSolution
		SolutionGuid = {DF09CC3C-1E3A-400C-B9DB-F832E178E2EA}
	EndGlobalSection
EndGlobal
