
Microsoft Visual Studio Solution File, Format Version 12.00
# Visual Studio Version 17
VisualStudioVersion = 17.8.34330.188
MinimumVisualStudioVersion = 10.0.40219.1
Project("{2150E333-8FDC-42A3-9474-1A3956D46DE8}") = "APIs", "APIs", "{295071E0-65B5-4BA5-9E19-EEDD104564AF}"
EndProject
Project("{2150E333-8FDC-42A3-9474-1A3956D46DE8}") = "Domain", "Domain", "{42C81D89-0996-43EF-849C-D2684DD49B9E}"
EndProject
Project("{2150E333-8FDC-42A3-9474-1A3956D46DE8}") = "Gateway", "Gateway", "{4C93000B-C39D-492B-8FF4-96E07D4284E4}"
EndProject
Project("{2150E333-8FDC-42A3-9474-1A3956D46DE8}") = "User", "User", "{E7421CFC-AB11-4A1E-8F67-10ACC9DF4D46}"
EndProject
Project("{2150E333-8FDC-42A3-9474-1A3956D46DE8}") = "Product", "Product", "{93D9CFE0-7D4E-4F54-BFAA-E2A0E2DB29D8}"
EndProject
Project("{2150E333-8FDC-42A3-9474-1A3956D46DE8}") = "Order", "Order", "{4BEB3086-05AC-49DE-999B-231F783504E1}"
EndProject
Project("{9A19103F-16F7-4668-BE54-9A1E7A4F7556}") = "ASPNET.User.API", "APIs\User\ASPNET.User.API\ASPNET.User.API.csproj", "{7C06E723-D3F8-41B4-B29B-4AB230AF519C}"
EndProject
Project("{9A19103F-16F7-4668-BE54-9A1E7A4F7556}") = "ASPNET.Product.API", "APIs\Product\ASPNET.Product.API\ASPNET.Product.API.csproj", "{FD8727D6-62FD-426A-82B2-3621B2415A05}"
EndProject
Project("{9A19103F-16F7-4668-BE54-9A1E7A4F7556}") = "ASPNET.Order.API", "APIs\Order\ASPNET.Order.API\ASPNET.Order.API.csproj", "{40C79FD9-8CE2-43A1-BDB8-C6CE8B04B540}"
EndProject
Project("{9A19103F-16F7-4668-BE54-9A1E7A4F7556}") = "ASPNET.Domain.Commons", "Domain\ASPNET.Domain.Commons\ASPNET.Domain.Commons.csproj", "{3AF226EA-1EF7-4E57-B5AB-B05B00257A37}"
EndProject
Project("{2150E333-8FDC-42A3-9474-1A3956D46DE8}") = "Test", "Test", "{0BE32123-BE98-4932-9327-A69E5DF736ED}"
EndProject
Project("{9A19103F-16F7-4668-BE54-9A1E7A4F7556}") = "ASPNET.User.Testing", "Test\ASPNET.User.Testing\ASPNET.User.Testing.csproj", "{7F42C471-5DA1-4F0C-9D96-A51ADDD4E3DB}"
EndProject
Project("{9A19103F-16F7-4668-BE54-9A1E7A4F7556}") = "ASPNET.SuperGateway", "Gateway\ASPNET.SuperGateway\ASPNET.SuperGateway.csproj", "{E6ED4CFB-535C-4912-859F-C9C14B7666E5}"
EndProject
Project("{E53339B2-1760-4266-BCC7-CA923CBCF16C}") = "docker-compose", "docker-compose.dcproj", "{91E4C172-BD79-438F-8B37-D76CCBDB2A3A}"
EndProject
Project("{9A19103F-16F7-4668-BE54-9A1E7A4F7556}") = "ASPNET.User.DataAccess", "APIs\User\ASPNET.User.DataAccess\ASPNET.User.DataAccess.csproj", "{465E87BB-FE66-4B75-9619-F03B8E658204}"
EndProject
Project("{9A19103F-16F7-4668-BE54-9A1E7A4F7556}") = "ASPNET.Product.DataAccess", "APIs\Product\ASPNET.Product.DataAccess\ASPNET.Product.DataAccess.csproj", "{301FEEEA-D62B-453A-BCEC-2890416366B6}"
EndProject
Project("{9A19103F-16F7-4668-BE54-9A1E7A4F7556}") = "ASPNET.Order.DataAccess", "APIs\Order\ASPNET.Order.DataAccess\ASPNET.Order.DataAccess.csproj", "{A277420B-6F64-40A0-8B1B-C5E150966D5C}"
EndProject
Project("{9A19103F-16F7-4668-BE54-9A1E7A4F7556}") = "ASPNET.User.BusinessLogic", "APIs\User\ASPNET.User.BusinessLogic\ASPNET.User.BusinessLogic.csproj", "{A0487A15-C76C-479D-A843-160C0B0DFAF8}"
EndProject
Project("{9A19103F-16F7-4668-BE54-9A1E7A4F7556}") = "ASPNET.Order.BusinessLogic", "APIs\Order\ASPNET.Order.BusinessLogic\ASPNET.Order.BusinessLogic.csproj", "{1094C34F-8328-4152-B334-354F8394EA26}"
EndProject
Project("{9A19103F-16F7-4668-BE54-9A1E7A4F7556}") = "ASPNET.Product.BusinessLogic", "APIs\Product\ASPNET.Product.BusinessLogic\ASPNET.Product.BusinessLogic.csproj", "{FEFE6D08-FA7D-46C3-9546-1145EFAED784}"
EndProject
Project("{9A19103F-16F7-4668-BE54-9A1E7A4F7556}") = "ASPNET.Service.Database", "Domain\ASPNET.Service.Database\ASPNET.Service.Database.csproj", "{97E578EB-0BAC-4C59-8E67-B029F7F3C110}"
EndProject
Project("{FAE04EC0-301F-11D3-BF4B-00C04F79EFBC}") = "ASPNET.Product.Testing", "Test\ASPNET.Product.Testing\ASPNET.Product.Testing.csproj", "{83489B2D-1ECE-4C18-9232-DFDD4CC3BE71}"
EndProject
Global
	GlobalSection(SolutionConfigurationPlatforms) = preSolution
		Debug|Any CPU = Debug|Any CPU
		Release|Any CPU = Release|Any CPU
	EndGlobalSection
	GlobalSection(ProjectConfigurationPlatforms) = postSolution
		{7C06E723-D3F8-41B4-B29B-4AB230AF519C}.Debug|Any CPU.ActiveCfg = Debug|Any CPU
		{7C06E723-D3F8-41B4-B29B-4AB230AF519C}.Debug|Any CPU.Build.0 = Debug|Any CPU
		{7C06E723-D3F8-41B4-B29B-4AB230AF519C}.Release|Any CPU.ActiveCfg = Release|Any CPU
		{7C06E723-D3F8-41B4-B29B-4AB230AF519C}.Release|Any CPU.Build.0 = Release|Any CPU
		{FD8727D6-62FD-426A-82B2-3621B2415A05}.Debug|Any CPU.ActiveCfg = Debug|Any CPU
		{FD8727D6-62FD-426A-82B2-3621B2415A05}.Debug|Any CPU.Build.0 = Debug|Any CPU
		{FD8727D6-62FD-426A-82B2-3621B2415A05}.Release|Any CPU.ActiveCfg = Release|Any CPU
		{FD8727D6-62FD-426A-82B2-3621B2415A05}.Release|Any CPU.Build.0 = Release|Any CPU
		{40C79FD9-8CE2-43A1-BDB8-C6CE8B04B540}.Debug|Any CPU.ActiveCfg = Debug|Any CPU
		{40C79FD9-8CE2-43A1-BDB8-C6CE8B04B540}.Debug|Any CPU.Build.0 = Debug|Any CPU
		{40C79FD9-8CE2-43A1-BDB8-C6CE8B04B540}.Release|Any CPU.ActiveCfg = Release|Any CPU
		{40C79FD9-8CE2-43A1-BDB8-C6CE8B04B540}.Release|Any CPU.Build.0 = Release|Any CPU
		{3AF226EA-1EF7-4E57-B5AB-B05B00257A37}.Debug|Any CPU.ActiveCfg = Debug|Any CPU
		{3AF226EA-1EF7-4E57-B5AB-B05B00257A37}.Debug|Any CPU.Build.0 = Debug|Any CPU
		{3AF226EA-1EF7-4E57-B5AB-B05B00257A37}.Release|Any CPU.ActiveCfg = Release|Any CPU
		{3AF226EA-1EF7-4E57-B5AB-B05B00257A37}.Release|Any CPU.Build.0 = Release|Any CPU
		{7F42C471-5DA1-4F0C-9D96-A51ADDD4E3DB}.Debug|Any CPU.ActiveCfg = Debug|Any CPU
		{7F42C471-5DA1-4F0C-9D96-A51ADDD4E3DB}.Debug|Any CPU.Build.0 = Debug|Any CPU
		{7F42C471-5DA1-4F0C-9D96-A51ADDD4E3DB}.Release|Any CPU.ActiveCfg = Release|Any CPU
		{7F42C471-5DA1-4F0C-9D96-A51ADDD4E3DB}.Release|Any CPU.Build.0 = Release|Any CPU
		{E6ED4CFB-535C-4912-859F-C9C14B7666E5}.Debug|Any CPU.ActiveCfg = Debug|Any CPU
		{E6ED4CFB-535C-4912-859F-C9C14B7666E5}.Debug|Any CPU.Build.0 = Debug|Any CPU
		{E6ED4CFB-535C-4912-859F-C9C14B7666E5}.Release|Any CPU.ActiveCfg = Release|Any CPU
		{E6ED4CFB-535C-4912-859F-C9C14B7666E5}.Release|Any CPU.Build.0 = Release|Any CPU
		{91E4C172-BD79-438F-8B37-D76CCBDB2A3A}.Debug|Any CPU.ActiveCfg = Debug|Any CPU
		{91E4C172-BD79-438F-8B37-D76CCBDB2A3A}.Debug|Any CPU.Build.0 = Debug|Any CPU
		{91E4C172-BD79-438F-8B37-D76CCBDB2A3A}.Release|Any CPU.ActiveCfg = Release|Any CPU
		{91E4C172-BD79-438F-8B37-D76CCBDB2A3A}.Release|Any CPU.Build.0 = Release|Any CPU
		{465E87BB-FE66-4B75-9619-F03B8E658204}.Debug|Any CPU.ActiveCfg = Debug|Any CPU
		{465E87BB-FE66-4B75-9619-F03B8E658204}.Debug|Any CPU.Build.0 = Debug|Any CPU
		{465E87BB-FE66-4B75-9619-F03B8E658204}.Release|Any CPU.ActiveCfg = Release|Any CPU
		{465E87BB-FE66-4B75-9619-F03B8E658204}.Release|Any CPU.Build.0 = Release|Any CPU
		{301FEEEA-D62B-453A-BCEC-2890416366B6}.Debug|Any CPU.ActiveCfg = Debug|Any CPU
		{301FEEEA-D62B-453A-BCEC-2890416366B6}.Debug|Any CPU.Build.0 = Debug|Any CPU
		{301FEEEA-D62B-453A-BCEC-2890416366B6}.Release|Any CPU.ActiveCfg = Release|Any CPU
		{301FEEEA-D62B-453A-BCEC-2890416366B6}.Release|Any CPU.Build.0 = Release|Any CPU
		{A277420B-6F64-40A0-8B1B-C5E150966D5C}.Debug|Any CPU.ActiveCfg = Debug|Any CPU
		{A277420B-6F64-40A0-8B1B-C5E150966D5C}.Debug|Any CPU.Build.0 = Debug|Any CPU
		{A277420B-6F64-40A0-8B1B-C5E150966D5C}.Release|Any CPU.ActiveCfg = Release|Any CPU
		{A277420B-6F64-40A0-8B1B-C5E150966D5C}.Release|Any CPU.Build.0 = Release|Any CPU
		{A0487A15-C76C-479D-A843-160C0B0DFAF8}.Debug|Any CPU.ActiveCfg = Debug|Any CPU
		{A0487A15-C76C-479D-A843-160C0B0DFAF8}.Debug|Any CPU.Build.0 = Debug|Any CPU
		{A0487A15-C76C-479D-A843-160C0B0DFAF8}.Release|Any CPU.ActiveCfg = Release|Any CPU
		{A0487A15-C76C-479D-A843-160C0B0DFAF8}.Release|Any CPU.Build.0 = Release|Any CPU
		{1094C34F-8328-4152-B334-354F8394EA26}.Debug|Any CPU.ActiveCfg = Debug|Any CPU
		{1094C34F-8328-4152-B334-354F8394EA26}.Debug|Any CPU.Build.0 = Debug|Any CPU
		{1094C34F-8328-4152-B334-354F8394EA26}.Release|Any CPU.ActiveCfg = Release|Any CPU
		{1094C34F-8328-4152-B334-354F8394EA26}.Release|Any CPU.Build.0 = Release|Any CPU
		{FEFE6D08-FA7D-46C3-9546-1145EFAED784}.Debug|Any CPU.ActiveCfg = Debug|Any CPU
		{FEFE6D08-FA7D-46C3-9546-1145EFAED784}.Debug|Any CPU.Build.0 = Debug|Any CPU
		{FEFE6D08-FA7D-46C3-9546-1145EFAED784}.Release|Any CPU.ActiveCfg = Release|Any CPU
		{FEFE6D08-FA7D-46C3-9546-1145EFAED784}.Release|Any CPU.Build.0 = Release|Any CPU
		{97E578EB-0BAC-4C59-8E67-B029F7F3C110}.Debug|Any CPU.ActiveCfg = Debug|Any CPU
		{97E578EB-0BAC-4C59-8E67-B029F7F3C110}.Debug|Any CPU.Build.0 = Debug|Any CPU
		{97E578EB-0BAC-4C59-8E67-B029F7F3C110}.Release|Any CPU.ActiveCfg = Release|Any CPU
		{97E578EB-0BAC-4C59-8E67-B029F7F3C110}.Release|Any CPU.Build.0 = Release|Any CPU
		{83489B2D-1ECE-4C18-9232-DFDD4CC3BE71}.Debug|Any CPU.ActiveCfg = Debug|Any CPU
		{83489B2D-1ECE-4C18-9232-DFDD4CC3BE71}.Debug|Any CPU.Build.0 = Debug|Any CPU
		{83489B2D-1ECE-4C18-9232-DFDD4CC3BE71}.Release|Any CPU.ActiveCfg = Release|Any CPU
		{83489B2D-1ECE-4C18-9232-DFDD4CC3BE71}.Release|Any CPU.Build.0 = Release|Any CPU
	EndGlobalSection
	GlobalSection(SolutionProperties) = preSolution
		HideSolutionNode = FALSE
	EndGlobalSection
	GlobalSection(NestedProjects) = preSolution
		{E7421CFC-AB11-4A1E-8F67-10ACC9DF4D46} = {295071E0-65B5-4BA5-9E19-EEDD104564AF}
		{93D9CFE0-7D4E-4F54-BFAA-E2A0E2DB29D8} = {295071E0-65B5-4BA5-9E19-EEDD104564AF}
		{4BEB3086-05AC-49DE-999B-231F783504E1} = {295071E0-65B5-4BA5-9E19-EEDD104564AF}
		{7C06E723-D3F8-41B4-B29B-4AB230AF519C} = {E7421CFC-AB11-4A1E-8F67-10ACC9DF4D46}
		{FD8727D6-62FD-426A-82B2-3621B2415A05} = {93D9CFE0-7D4E-4F54-BFAA-E2A0E2DB29D8}
		{40C79FD9-8CE2-43A1-BDB8-C6CE8B04B540} = {4BEB3086-05AC-49DE-999B-231F783504E1}
		{3AF226EA-1EF7-4E57-B5AB-B05B00257A37} = {42C81D89-0996-43EF-849C-D2684DD49B9E}
		{7F42C471-5DA1-4F0C-9D96-A51ADDD4E3DB} = {0BE32123-BE98-4932-9327-A69E5DF736ED}
		{E6ED4CFB-535C-4912-859F-C9C14B7666E5} = {4C93000B-C39D-492B-8FF4-96E07D4284E4}
		{465E87BB-FE66-4B75-9619-F03B8E658204} = {E7421CFC-AB11-4A1E-8F67-10ACC9DF4D46}
		{301FEEEA-D62B-453A-BCEC-2890416366B6} = {93D9CFE0-7D4E-4F54-BFAA-E2A0E2DB29D8}
		{A277420B-6F64-40A0-8B1B-C5E150966D5C} = {4BEB3086-05AC-49DE-999B-231F783504E1}
		{A0487A15-C76C-479D-A843-160C0B0DFAF8} = {E7421CFC-AB11-4A1E-8F67-10ACC9DF4D46}
		{1094C34F-8328-4152-B334-354F8394EA26} = {4BEB3086-05AC-49DE-999B-231F783504E1}
		{FEFE6D08-FA7D-46C3-9546-1145EFAED784} = {93D9CFE0-7D4E-4F54-BFAA-E2A0E2DB29D8}
		{97E578EB-0BAC-4C59-8E67-B029F7F3C110} = {42C81D89-0996-43EF-849C-D2684DD49B9E}
		{83489B2D-1ECE-4C18-9232-DFDD4CC3BE71} = {0BE32123-BE98-4932-9327-A69E5DF736ED}
	EndGlobalSection
	GlobalSection(ExtensibilityGlobals) = postSolution
		SolutionGuid = {DF09CC3C-1E3A-400C-B9DB-F832E178E2EA}
	EndGlobalSection
EndGlobal
